
Microsoft Visual Studio Solution File, Format Version 12.00
# Visual Studio Version 17
VisualStudioVersion = 17.3.32901.215
MinimumVisualStudioVersion = 10.0.40219.1
Project("{FAE04EC0-301F-11D3-BF4B-00C04F79EFBC}") = "MVC_apple_store", "MVC_apple_store\MVC_apple_store.csproj", "{02C772F5-C91F-44C8-97A3-0BF84DDDCC20}"
EndProject
Global
	GlobalSection(SolutionConfigurationPlatforms) = preSolution
		Debug|Any CPU = Debug|Any CPU
		Release|Any CPU = Release|Any CPU
	EndGlobalSection
	GlobalSection(ProjectConfigurationPlatforms) = postSolution
		{02C772F5-C91F-44C8-97A3-0BF84DDDCC20}.Debug|Any CPU.ActiveCfg = Debug|Any CPU
		{02C772F5-C91F-44C8-97A3-0BF84DDDCC20}.Debug|Any CPU.Build.0 = Debug|Any CPU
		{02C772F5-C91F-44C8-97A3-0BF84DDDCC20}.Release|Any CPU.ActiveCfg = Release|Any CPU
		{02C772F5-C91F-44C8-97A3-0BF84DDDCC20}.Release|Any CPU.Build.0 = Release|Any CPU
	EndGlobalSection
	GlobalSection(SolutionProperties) = preSolution
		HideSolutionNode = FALSE
	EndGlobalSection
	GlobalSection(ExtensibilityGlobals) = postSolution
		SolutionGuid = {217D0B82-D1F6-4E66-86D7-BEA65826F1EB}
	EndGlobalSection
EndGlobal
